// !$*UTF8*$!
{
	archiveVersion = 1;
	classes = {
	};
	objectVersion = 50;
	objects = {

/* Begin PBXBuildFile section */
		542382FA224243460071B5E8 /* AppDelegate.swift in Sources */ = {isa = PBXBuildFile; fileRef = 542382F9224243460071B5E8 /* AppDelegate.swift */; };
		542382FC224243460071B5E8 /* ViewController.swift in Sources */ = {isa = PBXBuildFile; fileRef = 542382FB224243460071B5E8 /* ViewController.swift */; };
		542382FF224243460071B5E8 /* Main.storyboard in Resources */ = {isa = PBXBuildFile; fileRef = 542382FD224243460071B5E8 /* Main.storyboard */; };
		54238301224243480071B5E8 /* Assets.xcassets in Resources */ = {isa = PBXBuildFile; fileRef = 54238300224243480071B5E8 /* Assets.xcassets */; };
		54238304224243480071B5E8 /* LaunchScreen.storyboard in Resources */ = {isa = PBXBuildFile; fileRef = 54238302224243480071B5E8 /* LaunchScreen.storyboard */; };
		5423830F224243480071B5E8 /* MKMapClusterTests.swift in Sources */ = {isa = PBXBuildFile; fileRef = 5423830E224243480071B5E8 /* MKMapClusterTests.swift */; };
		5423831A224243480071B5E8 /* MKMapClusterUITests.swift in Sources */ = {isa = PBXBuildFile; fileRef = 54238319224243480071B5E8 /* MKMapClusterUITests.swift */; };
/* End PBXBuildFile section */

/* Begin PBXContainerItemProxy section */
		5423830B224243480071B5E8 /* PBXContainerItemProxy */ = {
			isa = PBXContainerItemProxy;
			containerPortal = 542382EE224243460071B5E8 /* Project object */;
			proxyType = 1;
			remoteGlobalIDString = 542382F5224243460071B5E8;
			remoteInfo = MKMapCluster;
		};
		54238316224243480071B5E8 /* PBXContainerItemProxy */ = {
			isa = PBXContainerItemProxy;
			containerPortal = 542382EE224243460071B5E8 /* Project object */;
			proxyType = 1;
			remoteGlobalIDString = 542382F5224243460071B5E8;
			remoteInfo = MKMapCluster;
		};
/* End PBXContainerItemProxy section */

/* Begin PBXFileReference section */
		542382F6224243460071B5E8 /* MKMapCluster.app */ = {isa = PBXFileReference; explicitFileType = wrapper.application; includeInIndex = 0; path = MKMapCluster.app; sourceTree = BUILT_PRODUCTS_DIR; };
		542382F9224243460071B5E8 /* AppDelegate.swift */ = {isa = PBXFileReference; lastKnownFileType = sourcecode.swift; path = AppDelegate.swift; sourceTree = "<group>"; };
		542382FB224243460071B5E8 /* ViewController.swift */ = {isa = PBXFileReference; lastKnownFileType = sourcecode.swift; path = ViewController.swift; sourceTree = "<group>"; };
		542382FE224243460071B5E8 /* Base */ = {isa = PBXFileReference; lastKnownFileType = file.storyboard; name = Base; path = Base.lproj/Main.storyboard; sourceTree = "<group>"; };
		54238300224243480071B5E8 /* Assets.xcassets */ = {isa = PBXFileReference; lastKnownFileType = folder.assetcatalog; path = Assets.xcassets; sourceTree = "<group>"; };
		54238303224243480071B5E8 /* Base */ = {isa = PBXFileReference; lastKnownFileType = file.storyboard; name = Base; path = Base.lproj/LaunchScreen.storyboard; sourceTree = "<group>"; };
		54238305224243480071B5E8 /* Info.plist */ = {isa = PBXFileReference; lastKnownFileType = text.plist.xml; path = Info.plist; sourceTree = "<group>"; };
		5423830A224243480071B5E8 /* MKMapClusterTests.xctest */ = {isa = PBXFileReference; explicitFileType = wrapper.cfbundle; includeInIndex = 0; path = MKMapClusterTests.xctest; sourceTree = BUILT_PRODUCTS_DIR; };
		5423830E224243480071B5E8 /* MKMapClusterTests.swift */ = {isa = PBXFileReference; lastKnownFileType = sourcecode.swift; path = MKMapClusterTests.swift; sourceTree = "<group>"; };
		54238310224243480071B5E8 /* Info.plist */ = {isa = PBXFileReference; lastKnownFileType = text.plist.xml; path = Info.plist; sourceTree = "<group>"; };
		54238315224243480071B5E8 /* MKMapClusterUITests.xctest */ = {isa = PBXFileReference; explicitFileType = wrapper.cfbundle; includeInIndex = 0; path = MKMapClusterUITests.xctest; sourceTree = BUILT_PRODUCTS_DIR; };
		54238319224243480071B5E8 /* MKMapClusterUITests.swift */ = {isa = PBXFileReference; lastKnownFileType = sourcecode.swift; path = MKMapClusterUITests.swift; sourceTree = "<group>"; };
		5423831B224243480071B5E8 /* Info.plist */ = {isa = PBXFileReference; lastKnownFileType = text.plist.xml; path = Info.plist; sourceTree = "<group>"; };
/* End PBXFileReference section */

/* Begin PBXFrameworksBuildPhase section */
		542382F3224243460071B5E8 /* Frameworks */ = {
			isa = PBXFrameworksBuildPhase;
			buildActionMask = 2147483647;
			files = (
			);
			runOnlyForDeploymentPostprocessing = 0;
		};
		54238307224243480071B5E8 /* Frameworks */ = {
			isa = PBXFrameworksBuildPhase;
			buildActionMask = 2147483647;
			files = (
			);
			runOnlyForDeploymentPostprocessing = 0;
		};
		54238312224243480071B5E8 /* Frameworks */ = {
			isa = PBXFrameworksBuildPhase;
			buildActionMask = 2147483647;
			files = (
			);
			runOnlyForDeploymentPostprocessing = 0;
		};
/* End PBXFrameworksBuildPhase section */

/* Begin PBXGroup section */
		542382ED224243460071B5E8 = {
			isa = PBXGroup;
			children = (
				542382F8224243460071B5E8 /* MKMapCluster */,
				5423830D224243480071B5E8 /* MKMapClusterTests */,
				54238318224243480071B5E8 /* MKMapClusterUITests */,
				542382F7224243460071B5E8 /* Products */,
			);
			sourceTree = "<group>";
		};
		542382F7224243460071B5E8 /* Products */ = {
			isa = PBXGroup;
			children = (
				542382F6224243460071B5E8 /* MKMapCluster.app */,
				5423830A224243480071B5E8 /* MKMapClusterTests.xctest */,
				54238315224243480071B5E8 /* MKMapClusterUITests.xctest */,
			);
			name = Products;
			sourceTree = "<group>";
		};
		542382F8224243460071B5E8 /* MKMapCluster */ = {
			isa = PBXGroup;
			children = (
				542382F9224243460071B5E8 /* AppDelegate.swift */,
				542382FB224243460071B5E8 /* ViewController.swift */,
				542382FD224243460071B5E8 /* Main.storyboard */,
				54238300224243480071B5E8 /* Assets.xcassets */,
				54238302224243480071B5E8 /* LaunchScreen.storyboard */,
				54238305224243480071B5E8 /* Info.plist */,
			);
			path = MKMapCluster;
			sourceTree = "<group>";
		};
		5423830D224243480071B5E8 /* MKMapClusterTests */ = {
			isa = PBXGroup;
			children = (
				5423830E224243480071B5E8 /* MKMapClusterTests.swift */,
				54238310224243480071B5E8 /* Info.plist */,
			);
			path = MKMapClusterTests;
			sourceTree = "<group>";
		};
		54238318224243480071B5E8 /* MKMapClusterUITests */ = {
			isa = PBXGroup;
			children = (
				54238319224243480071B5E8 /* MKMapClusterUITests.swift */,
				5423831B224243480071B5E8 /* Info.plist */,
			);
			path = MKMapClusterUITests;
			sourceTree = "<group>";
		};
/* End PBXGroup section */

/* Begin PBXNativeTarget section */
		542382F5224243460071B5E8 /* MKMapCluster */ = {
			isa = PBXNativeTarget;
			buildConfigurationList = 5423831E224243480071B5E8 /* Build configuration list for PBXNativeTarget "MKMapCluster" */;
			buildPhases = (
				542382F2224243460071B5E8 /* Sources */,
				542382F3224243460071B5E8 /* Frameworks */,
				542382F4224243460071B5E8 /* Resources */,
			);
			buildRules = (
			);
			dependencies = (
			);
			name = MKMapCluster;
			productName = MKMapCluster;
			productReference = 542382F6224243460071B5E8 /* MKMapCluster.app */;
			productType = "com.apple.product-type.application";
		};
		54238309224243480071B5E8 /* MKMapClusterTests */ = {
			isa = PBXNativeTarget;
			buildConfigurationList = 54238321224243480071B5E8 /* Build configuration list for PBXNativeTarget "MKMapClusterTests" */;
			buildPhases = (
				54238306224243480071B5E8 /* Sources */,
				54238307224243480071B5E8 /* Frameworks */,
				54238308224243480071B5E8 /* Resources */,
			);
			buildRules = (
			);
			dependencies = (
				5423830C224243480071B5E8 /* PBXTargetDependency */,
			);
			name = MKMapClusterTests;
			productName = MKMapClusterTests;
			productReference = 5423830A224243480071B5E8 /* MKMapClusterTests.xctest */;
			productType = "com.apple.product-type.bundle.unit-test";
		};
		54238314224243480071B5E8 /* MKMapClusterUITests */ = {
			isa = PBXNativeTarget;
			buildConfigurationList = 54238324224243480071B5E8 /* Build configuration list for PBXNativeTarget "MKMapClusterUITests" */;
			buildPhases = (
				54238311224243480071B5E8 /* Sources */,
				54238312224243480071B5E8 /* Frameworks */,
				54238313224243480071B5E8 /* Resources */,
			);
			buildRules = (
			);
			dependencies = (
				54238317224243480071B5E8 /* PBXTargetDependency */,
			);
			name = MKMapClusterUITests;
			productName = MKMapClusterUITests;
			productReference = 54238315224243480071B5E8 /* MKMapClusterUITests.xctest */;
			productType = "com.apple.product-type.bundle.ui-testing";
		};
/* End PBXNativeTarget section */

/* Begin PBXProject section */
		542382EE224243460071B5E8 /* Project object */ = {
			isa = PBXProject;
			attributes = {
				LastSwiftUpdateCheck = 1010;
				LastUpgradeCheck = 1010;
				ORGANIZATIONNAME = mmfInfotech;
				TargetAttributes = {
					542382F5224243460071B5E8 = {
						CreatedOnToolsVersion = 10.1;
					};
					54238309224243480071B5E8 = {
						CreatedOnToolsVersion = 10.1;
						TestTargetID = 542382F5224243460071B5E8;
					};
					54238314224243480071B5E8 = {
						CreatedOnToolsVersion = 10.1;
						TestTargetID = 542382F5224243460071B5E8;
					};
				};
			};
			buildConfigurationList = 542382F1224243460071B5E8 /* Build configuration list for PBXProject "MKMapCluster" */;
			compatibilityVersion = "Xcode 9.3";
			developmentRegion = en;
			hasScannedForEncodings = 0;
			knownRegions = (
				en,
				Base,
			);
			mainGroup = 542382ED224243460071B5E8;
			productRefGroup = 542382F7224243460071B5E8 /* Products */;
			projectDirPath = "";
			projectRoot = "";
			targets = (
				542382F5224243460071B5E8 /* MKMapCluster */,
				54238309224243480071B5E8 /* MKMapClusterTests */,
				54238314224243480071B5E8 /* MKMapClusterUITests */,
			);
		};
/* End PBXProject section */

/* Begin PBXResourcesBuildPhase section */
		542382F4224243460071B5E8 /* Resources */ = {
			isa = PBXResourcesBuildPhase;
			buildActionMask = 2147483647;
			files = (
				54238304224243480071B5E8 /* LaunchScreen.storyboard in Resources */,
				54238301224243480071B5E8 /* Assets.xcassets in Resources */,
				542382FF224243460071B5E8 /* Main.storyboard in Resources */,
			);
			runOnlyForDeploymentPostprocessing = 0;
		};
		54238308224243480071B5E8 /* Resources */ = {
			isa = PBXResourcesBuildPhase;
			buildActionMask = 2147483647;
			files = (
			);
			runOnlyForDeploymentPostprocessing = 0;
		};
		54238313224243480071B5E8 /* Resources */ = {
			isa = PBXResourcesBuildPhase;
			buildActionMask = 2147483647;
			files = (
			);
			runOnlyForDeploymentPostprocessing = 0;
		};
/* End PBXResourcesBuildPhase section */

/* Begin PBXSourcesBuildPhase section */
		542382F2224243460071B5E8 /* Sources */ = {
			isa = PBXSourcesBuildPhase;
			buildActionMask = 2147483647;
			files = (
				542382FC224243460071B5E8 /* ViewController.swift in Sources */,
				542382FA224243460071B5E8 /* AppDelegate.swift in Sources */,
			);
			runOnlyForDeploymentPostprocessing = 0;
		};
		54238306224243480071B5E8 /* Sources */ = {
			isa = PBXSourcesBuildPhase;
			buildActionMask = 2147483647;
			files = (
				5423830F224243480071B5E8 /* MKMapClusterTests.swift in Sources */,
			);
			runOnlyForDeploymentPostprocessing = 0;
		};
		54238311224243480071B5E8 /* Sources */ = {
			isa = PBXSourcesBuildPhase;
			buildActionMask = 2147483647;
			files = (
				5423831A224243480071B5E8 /* MKMapClusterUITests.swift in Sources */,
			);
			runOnlyForDeploymentPostprocessing = 0;
		};
/* End PBXSourcesBuildPhase section */

/* Begin PBXTargetDependency section */
		5423830C224243480071B5E8 /* PBXTargetDependency */ = {
			isa = PBXTargetDependency;
			target = 542382F5224243460071B5E8 /* MKMapCluster */;
			targetProxy = 5423830B224243480071B5E8 /* PBXContainerItemProxy */;
		};
		54238317224243480071B5E8 /* PBXTargetDependency */ = {
			isa = PBXTargetDependency;
			target = 542382F5224243460071B5E8 /* MKMapCluster */;
			targetProxy = 54238316224243480071B5E8 /* PBXContainerItemProxy */;
		};
/* End PBXTargetDependency section */

/* Begin PBXVariantGroup section */
		542382FD224243460071B5E8 /* Main.storyboard */ = {
			isa = PBXVariantGroup;
			children = (
				542382FE224243460071B5E8 /* Base */,
			);
			name = Main.storyboard;
			sourceTree = "<group>";
		};
		54238302224243480071B5E8 /* LaunchScreen.storyboard */ = {
			isa = PBXVariantGroup;
			children = (
				54238303224243480071B5E8 /* Base */,
			);
			name = LaunchScreen.storyboard;
			sourceTree = "<group>";
		};
/* End PBXVariantGroup section */

/* Begin XCBuildConfiguration section */
		5423831C224243480071B5E8 /* Debug */ = {
			isa = XCBuildConfiguration;
			buildSettings = {
				ALWAYS_SEARCH_USER_PATHS = NO;
				CLANG_ANALYZER_NONNULL = YES;
				CLANG_ANALYZER_NUMBER_OBJECT_CONVERSION = YES_AGGRESSIVE;
				CLANG_CXX_LANGUAGE_STANDARD = "gnu++14";
				CLANG_CXX_LIBRARY = "libc++";
				CLANG_ENABLE_MODULES = YES;
				CLANG_ENABLE_OBJC_ARC = YES;
				CLANG_ENABLE_OBJC_WEAK = YES;
				CLANG_WARN_BLOCK_CAPTURE_AUTORELEASING = YES;
				CLANG_WARN_BOOL_CONVERSION = YES;
				CLANG_WARN_COMMA = YES;
				CLANG_WARN_CONSTANT_CONVERSION = YES;
				CLANG_WARN_DEPRECATED_OBJC_IMPLEMENTATIONS = YES;
				CLANG_WARN_DIRECT_OBJC_ISA_USAGE = YES_ERROR;
				CLANG_WARN_DOCUMENTATION_COMMENTS = YES;
				CLANG_WARN_EMPTY_BODY = YES;
				CLANG_WARN_ENUM_CONVERSION = YES;
				CLANG_WARN_INFINITE_RECURSION = YES;
				CLANG_WARN_INT_CONVERSION = YES;
				CLANG_WARN_NON_LITERAL_NULL_CONVERSION = YES;
				CLANG_WARN_OBJC_IMPLICIT_RETAIN_SELF = YES;
				CLANG_WARN_OBJC_LITERAL_CONVERSION = YES;
				CLANG_WARN_OBJC_ROOT_CLASS = YES_ERROR;
				CLANG_WARN_RANGE_LOOP_ANALYSIS = YES;
				CLANG_WARN_STRICT_PROTOTYPES = YES;
				CLANG_WARN_SUSPICIOUS_MOVE = YES;
				CLANG_WARN_UNGUARDED_AVAILABILITY = YES_AGGRESSIVE;
				CLANG_WARN_UNREACHABLE_CODE = YES;
				CLANG_WARN__DUPLICATE_METHOD_MATCH = YES;
				CODE_SIGN_IDENTITY = "iPhone Developer";
				COPY_PHASE_STRIP = NO;
				DEBUG_INFORMATION_FORMAT = dwarf;
				ENABLE_STRICT_OBJC_MSGSEND = YES;
				ENABLE_TESTABILITY = YES;
				GCC_C_LANGUAGE_STANDARD = gnu11;
				GCC_DYNAMIC_NO_PIC = NO;
				GCC_NO_COMMON_BLOCKS = YES;
				GCC_OPTIMIZATION_LEVEL = 0;
				GCC_PREPROCESSOR_DEFINITIONS = (
					"DEBUG=1",
					"$(inherited)",
				);
				GCC_WARN_64_TO_32_BIT_CONVERSION = YES;
				GCC_WARN_ABOUT_RETURN_TYPE = YES_ERROR;
				GCC_WARN_UNDECLARED_SELECTOR = YES;
				GCC_WARN_UNINITIALIZED_AUTOS = YES_AGGRESSIVE;
				GCC_WARN_UNUSED_FUNCTION = YES;
				GCC_WARN_UNUSED_VARIABLE = YES;
				IPHONEOS_DEPLOYMENT_TARGET = 12.1;
				MTL_ENABLE_DEBUG_INFO = INCLUDE_SOURCE;
				MTL_FAST_MATH = YES;
				ONLY_ACTIVE_ARCH = YES;
				SDKROOT = iphoneos;
				SWIFT_ACTIVE_COMPILATION_CONDITIONS = DEBUG;
				SWIFT_OPTIMIZATION_LEVEL = "-Onone";
			};
			name = Debug;
		};
		5423831D224243480071B5E8 /* Release */ = {
			isa = XCBuildConfiguration;
			buildSettings = {
				ALWAYS_SEARCH_USER_PATHS = NO;
				CLANG_ANALYZER_NONNULL = YES;
				CLANG_ANALYZER_NUMBER_OBJECT_CONVERSION = YES_AGGRESSIVE;
				CLANG_CXX_LANGUAGE_STANDARD = "gnu++14";
				CLANG_CXX_LIBRARY = "libc++";
				CLANG_ENABLE_MODULES = YES;
				CLANG_ENABLE_OBJC_ARC = YES;
				CLANG_ENABLE_OBJC_WEAK = YES;
				CLANG_WARN_BLOCK_CAPTURE_AUTORELEASING = YES;
				CLANG_WARN_BOOL_CONVERSION = YES;
				CLANG_WARN_COMMA = YES;
				CLANG_WARN_CONSTANT_CONVERSION = YES;
				CLANG_WARN_DEPRECATED_OBJC_IMPLEMENTATIONS = YES;
				CLANG_WARN_DIRECT_OBJC_ISA_USAGE = YES_ERROR;
				CLANG_WARN_DOCUMENTATION_COMMENTS = YES;
				CLANG_WARN_EMPTY_BODY = YES;
				CLANG_WARN_ENUM_CONVERSION = YES;
				CLANG_WARN_INFINITE_RECURSION = YES;
				CLANG_WARN_INT_CONVERSION = YES;
				CLANG_WARN_NON_LITERAL_NULL_CONVERSION = YES;
				CLANG_WARN_OBJC_IMPLICIT_RETAIN_SELF = YES;
				CLANG_WARN_OBJC_LITERAL_CONVERSION = YES;
				CLANG_WARN_OBJC_ROOT_CLASS = YES_ERROR;
				CLANG_WARN_RANGE_LOOP_ANALYSIS = YES;
				CLANG_WARN_STRICT_PROTOTYPES = YES;
				CLANG_WARN_SUSPICIOUS_MOVE = YES;
				CLANG_WARN_UNGUARDED_AVAILABILITY = YES_AGGRESSIVE;
				CLANG_WARN_UNREACHABLE_CODE = YES;
				CLANG_WARN__DUPLICATE_METHOD_MATCH = YES;
				CODE_SIGN_IDENTITY = "iPhone Developer";
				COPY_PHASE_STRIP = NO;
				DEBUG_INFORMATION_FORMAT = "dwarf-with-dsym";
				ENABLE_NS_ASSERTIONS = NO;
				ENABLE_STRICT_OBJC_MSGSEND = YES;
				GCC_C_LANGUAGE_STANDARD = gnu11;
				GCC_NO_COMMON_BLOCKS = YES;
				GCC_WARN_64_TO_32_BIT_CONVERSION = YES;
				GCC_WARN_ABOUT_RETURN_TYPE = YES_ERROR;
				GCC_WARN_UNDECLARED_SELECTOR = YES;
				GCC_WARN_UNINITIALIZED_AUTOS = YES_AGGRESSIVE;
				GCC_WARN_UNUSED_FUNCTION = YES;
				GCC_WARN_UNUSED_VARIABLE = YES;
				IPHONEOS_DEPLOYMENT_TARGET = 12.1;
				MTL_ENABLE_DEBUG_INFO = NO;
				MTL_FAST_MATH = YES;
				SDKROOT = iphoneos;
				SWIFT_COMPILATION_MODE = wholemodule;
				SWIFT_OPTIMIZATION_LEVEL = "-O";
				VALIDATE_PRODUCT = YES;
			};
			name = Release;
		};
		5423831F224243480071B5E8 /* Debug */ = {
			isa = XCBuildConfiguration;
			buildSettings = {
				ASSETCATALOG_COMPILER_APPICON_NAME = AppIcon;
				CODE_SIGN_STYLE = Automatic;
				INFOPLIST_FILE = MKMapCluster/Info.plist;
				LD_RUNPATH_SEARCH_PATHS = (
					"$(inherited)",
					"@executable_path/Frameworks",
				);
				PRODUCT_BUNDLE_IDENTIFIER = com.mmfInfotech.MKMapCluster;
				PRODUCT_NAME = "$(TARGET_NAME)";
				SWIFT_VERSION = 4.2;
				TARGETED_DEVICE_FAMILY = "1,2";
			};
			name = Debug;
		};
		54238320224243480071B5E8 /* Release */ = {
			isa = XCBuildConfiguration;
			buildSettings = {
				ASSETCATALOG_COMPILER_APPICON_NAME = AppIcon;
				CODE_SIGN_STYLE = Automatic;
				INFOPLIST_FILE = MKMapCluster/Info.plist;
				LD_RUNPATH_SEARCH_PATHS = (
					"$(inherited)",
					"@executable_path/Frameworks",
				);
				PRODUCT_BUNDLE_IDENTIFIER = com.mmfInfotech.MKMapCluster;
				PRODUCT_NAME = "$(TARGET_NAME)";
				SWIFT_VERSION = 4.2;
				TARGETED_DEVICE_FAMILY = "1,2";
			};
			name = Release;
		};
		54238322224243480071B5E8 /* Debug */ = {
			isa = XCBuildConfiguration;
			buildSettings = {
				ALWAYS_EMBED_SWIFT_STANDARD_LIBRARIES = YES;
				BUNDLE_LOADER = "$(TEST_HOST)";
				CODE_SIGN_STYLE = Automatic;
				INFOPLIST_FILE = MKMapClusterTests/Info.plist;
				LD_RUNPATH_SEARCH_PATHS = (
					"$(inherited)",
					"@executable_path/Frameworks",
					"@loader_path/Frameworks",
				);
				PRODUCT_BUNDLE_IDENTIFIER = com.mmfInfotech.MKMapClusterTests;
				PRODUCT_NAME = "$(TARGET_NAME)";
				SWIFT_VERSION = 4.2;
				TARGETED_DEVICE_FAMILY = "1,2";
				TEST_HOST = "$(BUILT_PRODUCTS_DIR)/MKMapCluster.app/MKMapCluster";
			};
			name = Debug;
		};
		54238323224243480071B5E8 /* Release */ = {
			isa = XCBuildConfiguration;
			buildSettings = {
				ALWAYS_EMBED_SWIFT_STANDARD_LIBRARIES = YES;
				BUNDLE_LOADER = "$(TEST_HOST)";
				CODE_SIGN_STYLE = Automatic;
				INFOPLIST_FILE = MKMapClusterTests/Info.plist;
				LD_RUNPATH_SEARCH_PATHS = (
					"$(inherited)",
					"@executable_path/Frameworks",
					"@loader_path/Frameworks",
				);
				PRODUCT_BUNDLE_IDENTIFIER = com.mmfInfotech.MKMapClusterTests;
				PRODUCT_NAME = "$(TARGET_NAME)";
				SWIFT_VERSION = 4.2;
				TARGETED_DEVICE_FAMILY = "1,2";
				TEST_HOST = "$(BUILT_PRODUCTS_DIR)/MKMapCluster.app/MKMapCluster";
			};
			name = Release;
		};
		54238325224243480071B5E8 /* Debug */ = {
			isa = XCBuildConfiguration;
			buildSettings = {
				ALWAYS_EMBED_SWIFT_STANDARD_LIBRARIES = YES;
				CODE_SIGN_STYLE = Automatic;
				INFOPLIST_FILE = MKMapClusterUITests/Info.plist;
				LD_RUNPATH_SEARCH_PATHS = (
					"$(inherited)",
					"@executable_path/Frameworks",
					"@loader_path/Frameworks",
				);
				PRODUCT_BUNDLE_IDENTIFIER = com.mmfInfotech.MKMapClusterUITests;
				PRODUCT_NAME = "$(TARGET_NAME)";
				SWIFT_VERSION = 4.2;
				TARGETED_DEVICE_FAMILY = "1,2";
				TEST_TARGET_NAME = MKMapCluster;
			};
			name = Debug;
		};
		54238326224243480071B5E8 /* Release */ = {
			isa = XCBuildConfiguration;
			buildSettings = {
				ALWAYS_EMBED_SWIFT_STANDARD_LIBRARIES = YES;
				CODE_SIGN_STYLE = Automatic;
				INFOPLIST_FILE = MKMapClusterUITests/Info.plist;
				LD_RUNPATH_SEARCH_PATHS = (
					"$(inherited)",
					"@executable_path/Frameworks",
					"@loader_path/Frameworks",
				);
				PRODUCT_BUNDLE_IDENTIFIER = com.mmfInfotech.MKMapClusterUITests;
				PRODUCT_NAME = "$(TARGET_NAME)";
				SWIFT_VERSION = 4.2;
				TARGETED_DEVICE_FAMILY = "1,2";
				TEST_TARGET_NAME = MKMapCluster;
			};
			name = Release;
		};
/* End XCBuildConfiguration section */

/* Begin XCConfigurationList section */
		542382F1224243460071B5E8 /* Build configuration list for PBXProject "MKMapCluster" */ = {
			isa = XCConfigurationList;
			buildConfigurations = (
				5423831C224243480071B5E8 /* Debug */,
				5423831D224243480071B5E8 /* Release */,
			);
			defaultConfigurationIsVisible = 0;
			defaultConfigurationName = Release;
		};
		5423831E224243480071B5E8 /* Build configuration list for PBXNativeTarget "MKMapCluster" */ = {
			isa = XCConfigurationList;
			buildConfigurations = (
				5423831F224243480071B5E8 /* Debug */,
				54238320224243480071B5E8 /* Release */,
			);
			defaultConfigurationIsVisible = 0;
			defaultConfigurationName = Release;
		};
		54238321224243480071B5E8 /* Build configuration list for PBXNativeTarget "MKMapClusterTests" */ = {
			isa = XCConfigurationList;
			buildConfigurations = (
				54238322224243480071B5E8 /* Debug */,
				54238323224243480071B5E8 /* Release */,
			);
			defaultConfigurationIsVisible = 0;
			defaultConfigurationName = Release;
		};
		54238324224243480071B5E8 /* Build configuration list for PBXNativeTarget "MKMapClusterUITests" */ = {
			isa = XCConfigurationList;
			buildConfigurations = (
				54238325224243480071B5E8 /* Debug */,
				54238326224243480071B5E8 /* Release */,
			);
			defaultConfigurationIsVisible = 0;
			defaultConfigurationName = Release;
		};
/* End XCConfigurationList section */
	};
	rootObject = 542382EE224243460071B5E8 /* Project object */;
}
